
Microsoft Visual Studio Solution File, Format Version 12.00
# Visual Studio Version 17
VisualStudioVersion = 17.14.36518.9 d17.14
MinimumVisualStudioVersion = 10.0.40219.1
Project("{FAE04EC0-301F-11D3-BF4B-00C04F79EFBC}") = "WinAppAlgoritmos", "WinAppAlgoritmos\WinAppAlgoritmos.csproj", "{2A07A0EE-D6DE-4442-BD9D-D06AB5058986}"
EndProject
Global
	GlobalSection(SolutionConfigurationPlatforms) = preSolution
		Debug|Any CPU = Debug|Any CPU
		Release|Any CPU = Release|Any CPU
	EndGlobalSection
	GlobalSection(ProjectConfigurationPlatforms) = postSolution
		{2A07A0EE-D6DE-4442-BD9D-D06AB5058986}.Debug|Any CPU.ActiveCfg = Debug|Any CPU
		{2A07A0EE-D6DE-4442-BD9D-D06AB5058986}.Debug|Any CPU.Build.0 = Debug|Any CPU
		{2A07A0EE-D6DE-4442-BD9D-D06AB5058986}.Release|Any CPU.ActiveCfg = Release|Any CPU
		{2A07A0EE-D6DE-4442-BD9D-D06AB5058986}.Release|Any CPU.Build.0 = Release|Any CPU
	EndGlobalSection
	GlobalSection(SolutionProperties) = preSolution
		HideSolutionNode = FALSE
	EndGlobalSection
	GlobalSection(ExtensibilityGlobals) = postSolution
		SolutionGuid = {16D94E14-E31E-46EC-B7E4-C8EACCBFA619}
	EndGlobalSection
EndGlobal
